
Microsoft Visual Studio Solution File, Format Version 12.00
# Visual Studio Version 16
VisualStudioVersion = 16.0.30907.101
MinimumVisualStudioVersion = 10.0.40219.1
Project("{888888A0-9F3D-457C-B088-3A5042F75D52}") = "MeansTesting1", "MeansTesting1\MeansTesting1.pyproj", "{CF25FC32-817E-4BF4-8B19-FD522159B4FC}"
EndProject
Global
	GlobalSection(SolutionConfigurationPlatforms) = preSolution
		Debug|Any CPU = Debug|Any CPU
		Release|Any CPU = Release|Any CPU
	EndGlobalSection
	GlobalSection(ProjectConfigurationPlatforms) = postSolution
		{CF25FC32-817E-4BF4-8B19-FD522159B4FC}.Debug|Any CPU.ActiveCfg = Debug|Any CPU
		{CF25FC32-817E-4BF4-8B19-FD522159B4FC}.Release|Any CPU.ActiveCfg = Release|Any CPU
	EndGlobalSection
	GlobalSection(SolutionProperties) = preSolution
		HideSolutionNode = FALSE
	EndGlobalSection
	GlobalSection(ExtensibilityGlobals) = postSolution
		SolutionGuid = {D6742537-09C1-4C25-AFA9-31292A651DE6}
	EndGlobalSection
EndGlobal
